// !$*UTF8*$!
{
	archiveVersion = 1;
	classes = {
	};
	objectVersion = 46;
	objects = {

/* Begin PBXBuildFile section */
		3366346D15FA188900FB066F /* UIKit.framework in Frameworks */ = {isa = PBXBuildFile; fileRef = 3366346C15FA188900FB066F /* UIKit.framework */; };
		3366346F15FA188900FB066F /* Foundation.framework in Frameworks */ = {isa = PBXBuildFile; fileRef = 3366346E15FA188900FB066F /* Foundation.framework */; };
		3366347115FA188900FB066F /* CoreGraphics.framework in Frameworks */ = {isa = PBXBuildFile; fileRef = 3366347015FA188900FB066F /* CoreGraphics.framework */; };
		3366347715FA188900FB066F /* InfoPlist.strings in Resources */ = {isa = PBXBuildFile; fileRef = 3366347515FA188900FB066F /* InfoPlist.strings */; };
		3366347915FA188900FB066F /* main.m in Sources */ = {isa = PBXBuildFile; fileRef = 3366347815FA188900FB066F /* main.m */; };
		3366347D15FA188900FB066F /* AppDelegate.m in Sources */ = {isa = PBXBuildFile; fileRef = 3366347C15FA188900FB066F /* AppDelegate.m */; };
		3366348015FA188900FB066F /* MainStoryboard.storyboard in Resources */ = {isa = PBXBuildFile; fileRef = 3366347E15FA188900FB066F /* MainStoryboard.storyboard */; };
		3366348315FA188900FB066F /* MasterViewController.m in Sources */ = {isa = PBXBuildFile; fileRef = 3366348215FA188900FB066F /* MasterViewController.m */; };
		3366348615FA188900FB066F /* DetailViewController.m in Sources */ = {isa = PBXBuildFile; fileRef = 3366348515FA188900FB066F /* DetailViewController.m */; };
/* End PBXBuildFile section */

/* Begin PBXFileReference section */
		3366346815FA188900FB066F /* had_elmawjood.app */ = {isa = PBXFileReference; explicitFileType = wrapper.application; includeInIndex = 0; path = had_elmawjood.app; sourceTree = BUILT_PRODUCTS_DIR; };
		3366346C15FA188900FB066F /* UIKit.framework */ = {isa = PBXFileReference; lastKnownFileType = wrapper.framework; name = UIKit.framework; path = System/Library/Frameworks/UIKit.framework; sourceTree = SDKROOT; };
		3366346E15FA188900FB066F /* Foundation.framework */ = {isa = PBXFileReference; lastKnownFileType = wrapper.framework; name = Foundation.framework; path = System/Library/Frameworks/Foundation.framework; sourceTree = SDKROOT; };
		3366347015FA188900FB066F /* CoreGraphics.framework */ = {isa = PBXFileReference; lastKnownFileType = wrapper.framework; name = CoreGraphics.framework; path = System/Library/Frameworks/CoreGraphics.framework; sourceTree = SDKROOT; };
		3366347415FA188900FB066F /* had_elmawjood-Info.plist */ = {isa = PBXFileReference; lastKnownFileType = text.plist.xml; path = "had_elmawjood-Info.plist"; sourceTree = "<group>"; };
		3366347615FA188900FB066F /* en */ = {isa = PBXFileReference; lastKnownFileType = text.plist.strings; name = en; path = en.lproj/InfoPlist.strings; sourceTree = "<group>"; };
		3366347815FA188900FB066F /* main.m */ = {isa = PBXFileReference; lastKnownFileType = sourcecode.c.objc; path = main.m; sourceTree = "<group>"; };
		3366347A15FA188900FB066F /* had_elmawjood-Prefix.pch */ = {isa = PBXFileReference; lastKnownFileType = sourcecode.c.h; path = "had_elmawjood-Prefix.pch"; sourceTree = "<group>"; };
		3366347B15FA188900FB066F /* AppDelegate.h */ = {isa = PBXFileReference; lastKnownFileType = sourcecode.c.h; path = AppDelegate.h; sourceTree = "<group>"; };
		3366347C15FA188900FB066F /* AppDelegate.m */ = {isa = PBXFileReference; lastKnownFileType = sourcecode.c.objc; path = AppDelegate.m; sourceTree = "<group>"; };
		3366347F15FA188900FB066F /* en */ = {isa = PBXFileReference; lastKnownFileType = file.storyboard; name = en; path = en.lproj/MainStoryboard.storyboard; sourceTree = "<group>"; };
		3366348115FA188900FB066F /* MasterViewController.h */ = {isa = PBXFileReference; lastKnownFileType = sourcecode.c.h; path = MasterViewController.h; sourceTree = "<group>"; };
		3366348215FA188900FB066F /* MasterViewController.m */ = {isa = PBXFileReference; lastKnownFileType = sourcecode.c.objc; path = MasterViewController.m; sourceTree = "<group>"; };
		3366348415FA188900FB066F /* DetailViewController.h */ = {isa = PBXFileReference; lastKnownFileType = sourcecode.c.h; path = DetailViewController.h; sourceTree = "<group>"; };
		3366348515FA188900FB066F /* DetailViewController.m */ = {isa = PBXFileReference; lastKnownFileType = sourcecode.c.objc; path = DetailViewController.m; sourceTree = "<group>"; };
/* End PBXFileReference section */

/* Begin PBXFrameworksBuildPhase section */
		3366346515FA188900FB066F /* Frameworks */ = {
			isa = PBXFrameworksBuildPhase;
			buildActionMask = 2147483647;
			files = (
				3366346D15FA188900FB066F /* UIKit.framework in Frameworks */,
				3366346F15FA188900FB066F /* Foundation.framework in Frameworks */,
				3366347115FA188900FB066F /* CoreGraphics.framework in Frameworks */,
			);
			runOnlyForDeploymentPostprocessing = 0;
		};
/* End PBXFrameworksBuildPhase section */

/* Begin PBXGroup section */
		3366345D15FA188900FB066F = {
			isa = PBXGroup;
			children = (
				3366347215FA188900FB066F /* had_elmawjood */,
				3366346B15FA188900FB066F /* Frameworks */,
				3366346915FA188900FB066F /* Products */,
			);
			sourceTree = "<group>";
		};
		3366346915FA188900FB066F /* Products */ = {
			isa = PBXGroup;
			children = (
				3366346815FA188900FB066F /* had_elmawjood.app */,
			);
			name = Products;
			sourceTree = "<group>";
		};
		3366346B15FA188900FB066F /* Frameworks */ = {
			isa = PBXGroup;
			children = (
				3366346C15FA188900FB066F /* UIKit.framework */,
				3366346E15FA188900FB066F /* Foundation.framework */,
				3366347015FA188900FB066F /* CoreGraphics.framework */,
			);
			name = Frameworks;
			sourceTree = "<group>";
		};
		3366347215FA188900FB066F /* had_elmawjood */ = {
			isa = PBXGroup;
			children = (
				3366347B15FA188900FB066F /* AppDelegate.h */,
				3366347C15FA188900FB066F /* AppDelegate.m */,
				3366347E15FA188900FB066F /* MainStoryboard.storyboard */,
				3366348115FA188900FB066F /* MasterViewController.h */,
				3366348215FA188900FB066F /* MasterViewController.m */,
				3366348415FA188900FB066F /* DetailViewController.h */,
				3366348515FA188900FB066F /* DetailViewController.m */,
				3366347315FA188900FB066F /* Supporting Files */,
			);
			path = had_elmawjood;
			sourceTree = "<group>";
		};
		3366347315FA188900FB066F /* Supporting Files */ = {
			isa = PBXGroup;
			children = (
				3366347415FA188900FB066F /* had_elmawjood-Info.plist */,
				3366347515FA188900FB066F /* InfoPlist.strings */,
				3366347815FA188900FB066F /* main.m */,
				3366347A15FA188900FB066F /* had_elmawjood-Prefix.pch */,
			);
			name = "Supporting Files";
			sourceTree = "<group>";
		};
/* End PBXGroup section */

/* Begin PBXNativeTarget section */
		3366346715FA188900FB066F /* had_elmawjood */ = {
			isa = PBXNativeTarget;
			buildConfigurationList = 3366348915FA188900FB066F /* Build configuration list for PBXNativeTarget "had_elmawjood" */;
			buildPhases = (
				3366346415FA188900FB066F /* Sources */,
				3366346515FA188900FB066F /* Frameworks */,
				3366346615FA188900FB066F /* Resources */,
			);
			buildRules = (
			);
			dependencies = (
			);
			name = had_elmawjood;
			productName = had_elmawjood;
			productReference = 3366346815FA188900FB066F /* had_elmawjood.app */;
			productType = "com.apple.product-type.application";
		};
/* End PBXNativeTarget section */

/* Begin PBXProject section */
		3366345F15FA188900FB066F /* Project object */ = {
			isa = PBXProject;
			attributes = {
				LastUpgradeCheck = 0440;
				ORGANIZATIONNAME = "black rabbit";
			};
			buildConfigurationList = 3366346215FA188900FB066F /* Build configuration list for PBXProject "had_elmawjood" */;
			compatibilityVersion = "Xcode 3.2";
			developmentRegion = English;
			hasScannedForEncodings = 0;
			knownRegions = (
				en,
			);
			mainGroup = 3366345D15FA188900FB066F;
			productRefGroup = 3366346915FA188900FB066F /* Products */;
			projectDirPath = "";
			projectRoot = "";
			targets = (
				3366346715FA188900FB066F /* had_elmawjood */,
			);
		};
/* End PBXProject section */

/* Begin PBXResourcesBuildPhase section */
		3366346615FA188900FB066F /* Resources */ = {
			isa = PBXResourcesBuildPhase;
			buildActionMask = 2147483647;
			files = (
				3366347715FA188900FB066F /* InfoPlist.strings in Resources */,
				3366348015FA188900FB066F /* MainStoryboard.storyboard in Resources */,
			);
			runOnlyForDeploymentPostprocessing = 0;
		};
/* End PBXResourcesBuildPhase section */

/* Begin PBXSourcesBuildPhase section */
		3366346415FA188900FB066F /* Sources */ = {
			isa = PBXSourcesBuildPhase;
			buildActionMask = 2147483647;
			files = (
				3366347915FA188900FB066F /* main.m in Sources */,
				3366347D15FA188900FB066F /* AppDelegate.m in Sources */,
				3366348315FA188900FB066F /* MasterViewController.m in Sources */,
				3366348615FA188900FB066F /* DetailViewController.m in Sources */,
			);
			runOnlyForDeploymentPostprocessing = 0;
		};
/* End PBXSourcesBuildPhase section */

/* Begin PBXVariantGroup section */
		3366347515FA188900FB066F /* InfoPlist.strings */ = {
			isa = PBXVariantGroup;
			children = (
				3366347615FA188900FB066F /* en */,
			);
			name = InfoPlist.strings;
			sourceTree = "<group>";
		};
		3366347E15FA188900FB066F /* MainStoryboard.storyboard */ = {
			isa = PBXVariantGroup;
			children = (
				3366347F15FA188900FB066F /* en */,
			);
			name = MainStoryboard.storyboard;
			sourceTree = "<group>";
		};
/* End PBXVariantGroup section */

/* Begin XCBuildConfiguration section */
		3366348715FA188900FB066F /* Debug */ = {
			isa = XCBuildConfiguration;
			buildSettings = {
				ALWAYS_SEARCH_USER_PATHS = NO;
				ARCHS = "$(ARCHS_STANDARD_32_BIT)";
				CLANG_CXX_LANGUAGE_STANDARD = "gnu++0x";
				CLANG_ENABLE_OBJC_ARC = YES;
				CLANG_WARN__DUPLICATE_METHOD_MATCH = YES;
				"CODE_SIGN_IDENTITY[sdk=iphoneos*]" = "iPhone Developer";
				COPY_PHASE_STRIP = NO;
				GCC_C_LANGUAGE_STANDARD = gnu99;
				GCC_DYNAMIC_NO_PIC = NO;
				GCC_OPTIMIZATION_LEVEL = 0;
				GCC_PREPROCESSOR_DEFINITIONS = (
					"DEBUG=1",
					"$(inherited)",
				);
				GCC_SYMBOLS_PRIVATE_EXTERN = NO;
				GCC_VERSION = com.apple.compilers.llvm.clang.1_0;
				GCC_WARN_ABOUT_RETURN_TYPE = YES;
				GCC_WARN_UNINITIALIZED_AUTOS = YES;
				GCC_WARN_UNUSED_VARIABLE = YES;
				IPHONEOS_DEPLOYMENT_TARGET = 5.1;
				SDKROOT = iphoneos;
			};
			name = Debug;
		};
		3366348815FA188900FB066F /* Release */ = {
			isa = XCBuildConfiguration;
			buildSettings = {
				ALWAYS_SEARCH_USER_PATHS = NO;
				ARCHS = "$(ARCHS_STANDARD_32_BIT)";
				CLANG_CXX_LANGUAGE_STANDARD = "gnu++0x";
				CLANG_ENABLE_OBJC_ARC = YES;
				CLANG_WARN__DUPLICATE_METHOD_MATCH = YES;
				"CODE_SIGN_IDENTITY[sdk=iphoneos*]" = "iPhone Developer";
				COPY_PHASE_STRIP = YES;
				GCC_C_LANGUAGE_STANDARD = gnu99;
				GCC_VERSION = com.apple.compilers.llvm.clang.1_0;
				GCC_WARN_ABOUT_RETURN_TYPE = YES;
				GCC_WARN_UNINITIALIZED_AUTOS = YES;
				GCC_WARN_UNUSED_VARIABLE = YES;
				IPHONEOS_DEPLOYMENT_TARGET = 5.1;
				OTHER_CFLAGS = "-DNS_BLOCK_ASSERTIONS=1";
				SDKROOT = iphoneos;
				VALIDATE_PRODUCT = YES;
			};
			name = Release;
		};
		3366348A15FA188900FB066F /* Debug */ = {
			isa = XCBuildConfiguration;
			buildSettings = {
				GCC_PRECOMPILE_PREFIX_HEADER = YES;
				GCC_PREFIX_HEADER = "had_elmawjood/had_elmawjood-Prefix.pch";
				INFOPLIST_FILE = "had_elmawjood/had_elmawjood-Info.plist";
				PRODUCT_NAME = "$(TARGET_NAME)";
				WRAPPER_EXTENSION = app;
			};
			name = Debug;
		};
		3366348B15FA188900FB066F /* Release */ = {
			isa = XCBuildConfiguration;
			buildSettings = {
				GCC_PRECOMPILE_PREFIX_HEADER = YES;
				GCC_PREFIX_HEADER = "had_elmawjood/had_elmawjood-Prefix.pch";
				INFOPLIST_FILE = "had_elmawjood/had_elmawjood-Info.plist";
				PRODUCT_NAME = "$(TARGET_NAME)";
				WRAPPER_EXTENSION = app;
			};
			name = Release;
		};
/* End XCBuildConfiguration section */

/* Begin XCConfigurationList section */
		3366346215FA188900FB066F /* Build configuration list for PBXProject "had_elmawjood" */ = {
			isa = XCConfigurationList;
			buildConfigurations = (
				3366348715FA188900FB066F /* Debug */,
				3366348815FA188900FB066F /* Release */,
			);
			defaultConfigurationIsVisible = 0;
			defaultConfigurationName = Release;
		};
		3366348915FA188900FB066F /* Build configuration list for PBXNativeTarget "had_elmawjood" */ = {
			isa = XCConfigurationList;
			buildConfigurations = (
				3366348A15FA188900FB066F /* Debug */,
				3366348B15FA188900FB066F /* Release */,
			);
			defaultConfigurationIsVisible = 0;
		};
/* End XCConfigurationList section */
	};
	rootObject = 3366345F15FA188900FB066F /* Project object */;
}
